schema: '2.0'
stages:
  prepare:
    cmd: python -m churnml.prepare
    deps:
    - path: data/raw.csv
      hash: md5
      md5: 3f7658104e17499d02ea63b495b91daf
      size: 975712
    - path: src/churnml/data.py
      hash: md5
      md5: a30935436c3b0bdbbd3b90d92dfb5bb1
      size: 1429
    - path: src/churnml/prepare.py
      hash: md5
      md5: cf14653d2bcfb6effa4fc142361e3de8
      size: 1184
    params:
      params.yaml:
        prepare.seed: 42
        prepare.test_size: 0.2
    outs:
    - path: data/processed
      hash: md5
      md5: d5dacba6dc1a65db5c013b4b890f383b.dir
      size: 975972
      nfiles: 2
  train:
    cmd: python -m churnml.train
    deps:
    - path: data/processed
      hash: md5
      md5: d5dacba6dc1a65db5c013b4b890f383b.dir
      size: 975972
      nfiles: 2
    - path: src/churnml/evaluate.py
      hash: md5
      md5: f264e7e098c67e8e30a599c4a17ff4c5
      size: 1079
    - path: src/churnml/features.py
      hash: md5
      md5: 593d452a1f03b2e52b04d891919456c9
      size: 2150
    - path: src/churnml/model.py
      hash: md5
      md5: 7a3cf3581c95be499842e8e850c946f0
      size: 3441
    - path: src/churnml/train.py
      hash: md5
      md5: 3ff770f60be35f96208bffee1d10cae4
      size: 2227
    params:
      params.yaml:
        train.C: 1.0
        train.max_iter: 1000
        train.model: logreg
        train.seed: 42
    outs:
    - path: metrics.json
      hash: md5
      md5: 591f54e2f60ef80ca46b0eb68acc5baa
      size: 119
    - path: model.joblib
      hash: md5
      md5: 7b300f2296fa98089ddffc98ccafb03a
      size: 8769
